
Microsoft Visual Studio Solution File, Format Version 12.00
# Visual Studio Version 17
VisualStudioVersion = 17.8.34330.188
MinimumVisualStudioVersion = 10.0.40219.1
Project("{FAE04EC0-301F-11D3-BF4B-00C04F79EFBC}") = "GunCatalog", "GunCatalog.csproj", "{3D4523AA-4ECC-4D86-AD18-C0E2A42E4078}"
EndProject
Project("{FAE04EC0-301F-11D3-BF4B-00C04F79EFBC}") = "GunCatalog.Model", "..\GunCatalog.Model\GunCatalog.Model.csproj", "{B0E5BD8B-71EF-40B9-8906-DAD80AA347A8}"
EndProject
Project("{FAE04EC0-301F-11D3-BF4B-00C04F79EFBC}") = "GunCatalog.Persistence", "..\GunCatalog.Persistence\GunCatalog.Persistence.csproj", "{2E0286DC-8B8C-4EAB-9991-0990F336F3DE}"
EndProject
Global
	GlobalSection(SolutionConfigurationPlatforms) = preSolution
		Debug|Any CPU = Debug|Any CPU
		Release|Any CPU = Release|Any CPU
	EndGlobalSection
	GlobalSection(ProjectConfigurationPlatforms) = postSolution
		{3D4523AA-4ECC-4D86-AD18-C0E2A42E4078}.Debug|Any CPU.ActiveCfg = Debug|Any CPU
		{3D4523AA-4ECC-4D86-AD18-C0E2A42E4078}.Debug|Any CPU.Build.0 = Debug|Any CPU
		{3D4523AA-4ECC-4D86-AD18-C0E2A42E4078}.Debug|Any CPU.Deploy.0 = Debug|Any CPU
		{3D4523AA-4ECC-4D86-AD18-C0E2A42E4078}.Release|Any CPU.ActiveCfg = Release|Any CPU
		{3D4523AA-4ECC-4D86-AD18-C0E2A42E4078}.Release|Any CPU.Build.0 = Release|Any CPU
		{3D4523AA-4ECC-4D86-AD18-C0E2A42E4078}.Release|Any CPU.Deploy.0 = Release|Any CPU
		{B0E5BD8B-71EF-40B9-8906-DAD80AA347A8}.Debug|Any CPU.ActiveCfg = Debug|Any CPU
		{B0E5BD8B-71EF-40B9-8906-DAD80AA347A8}.Debug|Any CPU.Build.0 = Debug|Any CPU
		{B0E5BD8B-71EF-40B9-8906-DAD80AA347A8}.Release|Any CPU.ActiveCfg = Release|Any CPU
		{B0E5BD8B-71EF-40B9-8906-DAD80AA347A8}.Release|Any CPU.Build.0 = Release|Any CPU
		{2E0286DC-8B8C-4EAB-9991-0990F336F3DE}.Debug|Any CPU.ActiveCfg = Debug|Any CPU
		{2E0286DC-8B8C-4EAB-9991-0990F336F3DE}.Debug|Any CPU.Build.0 = Debug|Any CPU
		{2E0286DC-8B8C-4EAB-9991-0990F336F3DE}.Release|Any CPU.ActiveCfg = Release|Any CPU
		{2E0286DC-8B8C-4EAB-9991-0990F336F3DE}.Release|Any CPU.Build.0 = Release|Any CPU
	EndGlobalSection
	GlobalSection(SolutionProperties) = preSolution
		HideSolutionNode = FALSE
	EndGlobalSection
	GlobalSection(ExtensibilityGlobals) = postSolution
		SolutionGuid = {6DA9DEBA-FB4F-41D1-A877-904D1650FD11}
	EndGlobalSection
EndGlobal
